
Microsoft Visual Studio Solution File, Format Version 12.00
# Visual Studio 15
VisualStudioVersion = 15.0.26430.15
MinimumVisualStudioVersion = 10.0.40219.1
Project("{2150E333-8FDC-42A3-9474-1A3956D46DE8}") = "Solution Items", "Solution Items", "{C3C314E2-1A92-43F6-B38B-7FA0FC1863EA}"
	ProjectSection(SolutionItems) = preProject
		README.md = README.md
	EndProjectSection
EndProject
Project("{2150E333-8FDC-42A3-9474-1A3956D46DE8}") = "src", "src", "{32C79B97-862D-4E61-99FA-9D4A894BA3A1}"
EndProject
Project("{9A19103F-16F7-4668-BE54-9A1E7A4F7556}") = "Swashbuckle.AspNetCore.Examples", "src\Swashbuckle.AspNetCore.Examples\Swashbuckle.AspNetCore.Examples.csproj", "{BF2A4583-1466-440D-B818-0169634DA8F0}"
EndProject
Project("{9A19103F-16F7-4668-BE54-9A1E7A4F7556}") = "WebApi", "src\WebApi\WebApi.csproj", "{606B769A-F3D7-4518-82F9-3D53A20D2DC4}"
EndProject
Project("{2150E333-8FDC-42A3-9474-1A3956D46DE8}") = "tools", "tools", "{B47A2133-3F12-4616-BC3B-1C85E25087E9}"
	ProjectSection(SolutionItems) = preProject
		tools\key.snk = tools\key.snk
		tools\NuGet instructions.txt = tools\NuGet instructions.txt
	EndProjectSection
EndProject
Global
	GlobalSection(SolutionConfigurationPlatforms) = preSolution
		Debug|Any CPU = Debug|Any CPU
		Release|Any CPU = Release|Any CPU
	EndGlobalSection
	GlobalSection(ProjectConfigurationPlatforms) = postSolution
		{BF2A4583-1466-440D-B818-0169634DA8F0}.Debug|Any CPU.ActiveCfg = Debug|Any CPU
		{BF2A4583-1466-440D-B818-0169634DA8F0}.Debug|Any CPU.Build.0 = Debug|Any CPU
		{BF2A4583-1466-440D-B818-0169634DA8F0}.Release|Any CPU.ActiveCfg = Release|Any CPU
		{BF2A4583-1466-440D-B818-0169634DA8F0}.Release|Any CPU.Build.0 = Release|Any CPU
		{606B769A-F3D7-4518-82F9-3D53A20D2DC4}.Debug|Any CPU.ActiveCfg = Debug|Any CPU
		{606B769A-F3D7-4518-82F9-3D53A20D2DC4}.Debug|Any CPU.Build.0 = Debug|Any CPU
		{606B769A-F3D7-4518-82F9-3D53A20D2DC4}.Release|Any CPU.ActiveCfg = Release|Any CPU
		{606B769A-F3D7-4518-82F9-3D53A20D2DC4}.Release|Any CPU.Build.0 = Release|Any CPU
	EndGlobalSection
	GlobalSection(SolutionProperties) = preSolution
		HideSolutionNode = FALSE
	EndGlobalSection
	GlobalSection(NestedProjects) = preSolution
		{BF2A4583-1466-440D-B818-0169634DA8F0} = {32C79B97-862D-4E61-99FA-9D4A894BA3A1}
		{606B769A-F3D7-4518-82F9-3D53A20D2DC4} = {32C79B97-862D-4E61-99FA-9D4A894BA3A1}
	EndGlobalSection
EndGlobal
