
Microsoft Visual Studio Solution File, Format Version 12.00
# Visual Studio 15
VisualStudioVersion = 15.0.26403.7
MinimumVisualStudioVersion = 10.0.40219.1
Project("{FAE04EC0-301F-11D3-BF4B-00C04F79EFBC}") = "Swashbuckle.AspNetCore.Examples", "Swashbuckle.AspNetCore.Examples.csproj", "{07033915-0DC4-425F-B572-677867B85A64}"
EndProject
Project("{2150E333-8FDC-42A3-9474-1A3956D46DE8}") = "Solution Items", "Solution Items", "{C3C314E2-1A92-43F6-B38B-7FA0FC1863EA}"
	ProjectSection(SolutionItems) = preProject
		..\README.md = ..\README.md
	EndProjectSection
EndProject
Project("{2150E333-8FDC-42A3-9474-1A3956D46DE8}") = "src", "src", "{32C79B97-862D-4E61-99FA-9D4A894BA3A1}"
EndProject
Global
	GlobalSection(SolutionConfigurationPlatforms) = preSolution
		Debug|Any CPU = Debug|Any CPU
		Release|Any CPU = Release|Any CPU
	EndGlobalSection
	GlobalSection(ProjectConfigurationPlatforms) = postSolution
		{07033915-0DC4-425F-B572-677867B85A64}.Debug|Any CPU.ActiveCfg = Debug|Any CPU
		{07033915-0DC4-425F-B572-677867B85A64}.Debug|Any CPU.Build.0 = Debug|Any CPU
		{07033915-0DC4-425F-B572-677867B85A64}.Release|Any CPU.ActiveCfg = Release|Any CPU
		{07033915-0DC4-425F-B572-677867B85A64}.Release|Any CPU.Build.0 = Release|Any CPU
	EndGlobalSection
	GlobalSection(SolutionProperties) = preSolution
		HideSolutionNode = FALSE
	EndGlobalSection
	GlobalSection(NestedProjects) = preSolution
		{07033915-0DC4-425F-B572-677867B85A64} = {32C79B97-862D-4E61-99FA-9D4A894BA3A1}
	EndGlobalSection
EndGlobal
